
Microsoft Visual Studio Solution File, Format Version 12.00
# Visual Studio Version 17
VisualStudioVersion = 17.6.33829.357
MinimumVisualStudioVersion = 10.0.40219.1
Project("{9A19103F-16F7-4668-BE54-9A1E7A4F7556}") = "AdventOfCode2023.Tdd.Xunit", "AdventOfCode.2023.Tdd.Xunit\AdventOfCode2023.Tdd.Xunit.csproj", "{00276535-7710-4C8F-BC2C-266D6C1A5769}"
EndProject
Global
	GlobalSection(SolutionConfigurationPlatforms) = preSolution
		Debug|Any CPU = Debug|Any CPU
		Release|Any CPU = Release|Any CPU
	EndGlobalSection
	GlobalSection(ProjectConfigurationPlatforms) = postSolution
		{00276535-7710-4C8F-BC2C-266D6C1A5769}.Debug|Any CPU.ActiveCfg = Debug|Any CPU
		{00276535-7710-4C8F-BC2C-266D6C1A5769}.Debug|Any CPU.Build.0 = Debug|Any CPU
		{00276535-7710-4C8F-BC2C-266D6C1A5769}.Release|Any CPU.ActiveCfg = Release|Any CPU
		{00276535-7710-4C8F-BC2C-266D6C1A5769}.Release|Any CPU.Build.0 = Release|Any CPU
	EndGlobalSection
	GlobalSection(SolutionProperties) = preSolution
		HideSolutionNode = FALSE
	EndGlobalSection
	GlobalSection(ExtensibilityGlobals) = postSolution
		SolutionGuid = {B8B8CA79-B521-4B8F-9227-CD70A8152EED}
	EndGlobalSection
EndGlobal
